
Microsoft Visual Studio Solution File, Format Version 12.00
# Visual Studio 15
VisualStudioVersion = 15.0.28010.2046
MinimumVisualStudioVersion = 10.0.40219.1
Project("{FAE04EC0-301F-11D3-BF4B-00C04F79EFBC}") = "PuntoDeVenta", "PuntoDeVenta\PuntoDeVenta.csproj", "{A8A4E13E-167B-426C-A844-33555140D614}"
EndProject
Project("{FAE04EC0-301F-11D3-BF4B-00C04F79EFBC}") = "RestServiceTelerik", "RestServiceTelerik\RestServiceTelerik.csproj", "{1253FE97-809E-4F23-B4CB-2ABDEC951AD0}"
EndProject
Global
	GlobalSection(SolutionConfigurationPlatforms) = preSolution
		Debug|Any CPU = Debug|Any CPU
		Release|Any CPU = Release|Any CPU
	EndGlobalSection
	GlobalSection(ProjectConfigurationPlatforms) = postSolution
		{A8A4E13E-167B-426C-A844-33555140D614}.Debug|Any CPU.ActiveCfg = Debug|Any CPU
		{A8A4E13E-167B-426C-A844-33555140D614}.Debug|Any CPU.Build.0 = Debug|Any CPU
		{A8A4E13E-167B-426C-A844-33555140D614}.Release|Any CPU.ActiveCfg = Release|Any CPU
		{A8A4E13E-167B-426C-A844-33555140D614}.Release|Any CPU.Build.0 = Release|Any CPU
		{1253FE97-809E-4F23-B4CB-2ABDEC951AD0}.Debug|Any CPU.ActiveCfg = Debug|Any CPU
		{1253FE97-809E-4F23-B4CB-2ABDEC951AD0}.Debug|Any CPU.Build.0 = Debug|Any CPU
		{1253FE97-809E-4F23-B4CB-2ABDEC951AD0}.Release|Any CPU.ActiveCfg = Release|Any CPU
		{1253FE97-809E-4F23-B4CB-2ABDEC951AD0}.Release|Any CPU.Build.0 = Release|Any CPU
	EndGlobalSection
	GlobalSection(SolutionProperties) = preSolution
		HideSolutionNode = FALSE
	EndGlobalSection
	GlobalSection(ExtensibilityGlobals) = postSolution
		SolutionGuid = {45A3E215-7998-4A1C-B2E3-821A107CF636}
	EndGlobalSection
EndGlobal
